
Microsoft Visual Studio Solution File, Format Version 12.00
# Visual Studio Version 17
VisualStudioVersion = 17.1.32407.343
MinimumVisualStudioVersion = 10.0.40219.1
Project("{FAE04EC0-301F-11D3-BF4B-00C04F79EFBC}") = "NetFramework.Layers.ADO.Net", "CapaDatos\NetFramework.Layers.ADO.Net.csproj", "{9526541F-8C92-468D-899C-00BEAC74AE70}"
EndProject
Project("{FAE04EC0-301F-11D3-BF4B-00C04F79EFBC}") = "NetFramework.Layers.CapaDatos", "CapaNegocio\NetFramework.Layers.CapaDatos.csproj", "{6FC3D014-8089-4AFD-89D8-DE14EEB3589E}"
EndProject
Project("{FAE04EC0-301F-11D3-BF4B-00C04F79EFBC}") = "NetFramework.Layers.WinApp", "CapaPresentacion\NetFramework.Layers.WinApp.csproj", "{89BD7327-8377-4437-AC85-A15C1D5D640D}"
EndProject
Project("{2150E333-8FDC-42A3-9474-1A3956D46DE8}") = "v1.0", "v1.0", "{D45B7958-45E6-4B4E-AD73-23C1F0841486}"
EndProject
Project("{2150E333-8FDC-42A3-9474-1A3956D46DE8}") = "Frameworks", "Frameworks", "{1E9D8E35-C1C5-4EE3-9360-B1B15B0F80ED}"
EndProject
Project("{2150E333-8FDC-42A3-9474-1A3956D46DE8}") = "Layers", "Layers", "{FF357FBE-686F-4082-A63C-739FF7F37BD4}"
EndProject
Project("{2150E333-8FDC-42A3-9474-1A3956D46DE8}") = "ADO.Net", "ADO.Net", "{D2417EA5-CC81-41CB-9307-DDB1C040CE54}"
EndProject
Project("{2150E333-8FDC-42A3-9474-1A3956D46DE8}") = "User Interface", "User Interface", "{73C70946-58F3-4515-8CB9-8453BB27DA50}"
EndProject
Project("{2150E333-8FDC-42A3-9474-1A3956D46DE8}") = "Windows", "Windows", "{4A151855-B493-4E46-AF15-6CF3F505A4B6}"
EndProject
Project("{2150E333-8FDC-42A3-9474-1A3956D46DE8}") = "Datos", "Datos", "{EA706228-4630-4A7E-98C0-7C22A835E468}"
EndProject
Project("{2150E333-8FDC-42A3-9474-1A3956D46DE8}") = "Net Framework", "Net Framework", "{3E037592-A033-4201-B739-5B7209F4D58D}"
EndProject
Global
	GlobalSection(SolutionConfigurationPlatforms) = preSolution
		Debug|Any CPU = Debug|Any CPU
		Release|Any CPU = Release|Any CPU
	EndGlobalSection
	GlobalSection(ProjectConfigurationPlatforms) = postSolution
		{9526541F-8C92-468D-899C-00BEAC74AE70}.Debug|Any CPU.ActiveCfg = Debug|Any CPU
		{9526541F-8C92-468D-899C-00BEAC74AE70}.Debug|Any CPU.Build.0 = Debug|Any CPU
		{9526541F-8C92-468D-899C-00BEAC74AE70}.Release|Any CPU.ActiveCfg = Release|Any CPU
		{9526541F-8C92-468D-899C-00BEAC74AE70}.Release|Any CPU.Build.0 = Release|Any CPU
		{6FC3D014-8089-4AFD-89D8-DE14EEB3589E}.Debug|Any CPU.ActiveCfg = Debug|Any CPU
		{6FC3D014-8089-4AFD-89D8-DE14EEB3589E}.Debug|Any CPU.Build.0 = Debug|Any CPU
		{6FC3D014-8089-4AFD-89D8-DE14EEB3589E}.Release|Any CPU.ActiveCfg = Release|Any CPU
		{6FC3D014-8089-4AFD-89D8-DE14EEB3589E}.Release|Any CPU.Build.0 = Release|Any CPU
		{89BD7327-8377-4437-AC85-A15C1D5D640D}.Debug|Any CPU.ActiveCfg = Debug|Any CPU
		{89BD7327-8377-4437-AC85-A15C1D5D640D}.Debug|Any CPU.Build.0 = Debug|Any CPU
		{89BD7327-8377-4437-AC85-A15C1D5D640D}.Release|Any CPU.ActiveCfg = Release|Any CPU
		{89BD7327-8377-4437-AC85-A15C1D5D640D}.Release|Any CPU.Build.0 = Release|Any CPU
	EndGlobalSection
	GlobalSection(SolutionProperties) = preSolution
		HideSolutionNode = FALSE
	EndGlobalSection
	GlobalSection(NestedProjects) = preSolution
		{9526541F-8C92-468D-899C-00BEAC74AE70} = {D2417EA5-CC81-41CB-9307-DDB1C040CE54}
		{6FC3D014-8089-4AFD-89D8-DE14EEB3589E} = {EA706228-4630-4A7E-98C0-7C22A835E468}
		{89BD7327-8377-4437-AC85-A15C1D5D640D} = {4A151855-B493-4E46-AF15-6CF3F505A4B6}
		{1E9D8E35-C1C5-4EE3-9360-B1B15B0F80ED} = {D45B7958-45E6-4B4E-AD73-23C1F0841486}
		{FF357FBE-686F-4082-A63C-739FF7F37BD4} = {3E037592-A033-4201-B739-5B7209F4D58D}
		{D2417EA5-CC81-41CB-9307-DDB1C040CE54} = {FF357FBE-686F-4082-A63C-739FF7F37BD4}
		{73C70946-58F3-4515-8CB9-8453BB27DA50} = {FF357FBE-686F-4082-A63C-739FF7F37BD4}
		{4A151855-B493-4E46-AF15-6CF3F505A4B6} = {73C70946-58F3-4515-8CB9-8453BB27DA50}
		{EA706228-4630-4A7E-98C0-7C22A835E468} = {FF357FBE-686F-4082-A63C-739FF7F37BD4}
		{3E037592-A033-4201-B739-5B7209F4D58D} = {1E9D8E35-C1C5-4EE3-9360-B1B15B0F80ED}
	EndGlobalSection
	GlobalSection(ExtensibilityGlobals) = postSolution
		SolutionGuid = {9DE45E18-5023-436A-B205-4F0853285D1B}
	EndGlobalSection
EndGlobal
